
Microsoft Visual Studio Solution File, Format Version 12.00
# Visual Studio 2013
VisualStudioVersion = 12.0.31101.0
MinimumVisualStudioVersion = 10.0.40219.1
Project("{FAE04EC0-301F-11D3-BF4B-00C04F79EFBC}") = "EnigmaCat", "EnigmaCat\EnigmaCat.csproj", "{918EBB10-0CB8-413E-A3B5-97CC954CE16A}"
EndProject
Project("{FAE04EC0-301F-11D3-BF4B-00C04F79EFBC}") = "DecreasingAbsoluteDifference", "DecreasingAbsoluteDifference\DecreasingAbsoluteDifference.csproj", "{D989160F-8F94-4C31-9945-5685EAD3EE71}"
EndProject
Project("{FAE04EC0-301F-11D3-BF4B-00C04F79EFBC}") = "LoverOfTwo", "LoverOfTwo\LoverOfTwo.csproj", "{173B57AF-A7BB-4909-AC97-BDF71BA7F431}"
EndProject
Project("{FAE04EC0-301F-11D3-BF4B-00C04F79EFBC}") = "CatConcert", "CatConcert\CatConcert.csproj", "{B2BA9F15-CA42-4B8B-96E5-73B311F5C65C}"
EndProject
Project("{FAE04EC0-301F-11D3-BF4B-00C04F79EFBC}") = "TestSort", "TestSort\TestSort.csproj", "{E9DF1E28-1B89-4620-A8DE-A2BACE7A8E90}"
EndProject
Global
	GlobalSection(SolutionConfigurationPlatforms) = preSolution
		Debug|Any CPU = Debug|Any CPU
		Release|Any CPU = Release|Any CPU
	EndGlobalSection
	GlobalSection(ProjectConfigurationPlatforms) = postSolution
		{918EBB10-0CB8-413E-A3B5-97CC954CE16A}.Debug|Any CPU.ActiveCfg = Debug|Any CPU
		{918EBB10-0CB8-413E-A3B5-97CC954CE16A}.Debug|Any CPU.Build.0 = Debug|Any CPU
		{918EBB10-0CB8-413E-A3B5-97CC954CE16A}.Release|Any CPU.ActiveCfg = Release|Any CPU
		{918EBB10-0CB8-413E-A3B5-97CC954CE16A}.Release|Any CPU.Build.0 = Release|Any CPU
		{D989160F-8F94-4C31-9945-5685EAD3EE71}.Debug|Any CPU.ActiveCfg = Debug|Any CPU
		{D989160F-8F94-4C31-9945-5685EAD3EE71}.Debug|Any CPU.Build.0 = Debug|Any CPU
		{D989160F-8F94-4C31-9945-5685EAD3EE71}.Release|Any CPU.ActiveCfg = Release|Any CPU
		{D989160F-8F94-4C31-9945-5685EAD3EE71}.Release|Any CPU.Build.0 = Release|Any CPU
		{173B57AF-A7BB-4909-AC97-BDF71BA7F431}.Debug|Any CPU.ActiveCfg = Debug|Any CPU
		{173B57AF-A7BB-4909-AC97-BDF71BA7F431}.Debug|Any CPU.Build.0 = Debug|Any CPU
		{173B57AF-A7BB-4909-AC97-BDF71BA7F431}.Release|Any CPU.ActiveCfg = Release|Any CPU
		{173B57AF-A7BB-4909-AC97-BDF71BA7F431}.Release|Any CPU.Build.0 = Release|Any CPU
		{B2BA9F15-CA42-4B8B-96E5-73B311F5C65C}.Debug|Any CPU.ActiveCfg = Debug|Any CPU
		{B2BA9F15-CA42-4B8B-96E5-73B311F5C65C}.Debug|Any CPU.Build.0 = Debug|Any CPU
		{B2BA9F15-CA42-4B8B-96E5-73B311F5C65C}.Release|Any CPU.ActiveCfg = Release|Any CPU
		{B2BA9F15-CA42-4B8B-96E5-73B311F5C65C}.Release|Any CPU.Build.0 = Release|Any CPU
		{E9DF1E28-1B89-4620-A8DE-A2BACE7A8E90}.Debug|Any CPU.ActiveCfg = Debug|Any CPU
		{E9DF1E28-1B89-4620-A8DE-A2BACE7A8E90}.Debug|Any CPU.Build.0 = Debug|Any CPU
		{E9DF1E28-1B89-4620-A8DE-A2BACE7A8E90}.Release|Any CPU.ActiveCfg = Release|Any CPU
		{E9DF1E28-1B89-4620-A8DE-A2BACE7A8E90}.Release|Any CPU.Build.0 = Release|Any CPU
	EndGlobalSection
	GlobalSection(SolutionProperties) = preSolution
		HideSolutionNode = FALSE
	EndGlobalSection
EndGlobal
